// !$*UTF8*$!
{
	archiveVersion = 1;
	classes = {
	};
	objectVersion = 77;
	objects = {

/* Begin PBXContainerItemProxy section */
		B61697522D87C19500A36F45 /* PBXContainerItemProxy */ = {
			isa = PBXContainerItemProxy;
			containerPortal = B61697392D87C19400A36F45 /* Project object */;
			proxyType = 1;
			remoteGlobalIDString = B61697402D87C19400A36F45;
			remoteInfo = "Accelerometer Measurement";
		};
		B616975C2D87C19500A36F45 /* PBXContainerItemProxy */ = {
			isa = PBXContainerItemProxy;
			containerPortal = B61697392D87C19400A36F45 /* Project object */;
			proxyType = 1;
			remoteGlobalIDString = B61697402D87C19400A36F45;
			remoteInfo = "Accelerometer Measurement";
		};
/* End PBXContainerItemProxy section */

/* Begin PBXFileReference section */
		B61697412D87C19400A36F45 /* Accelerometer Measurement.app */ = {isa = PBXFileReference; explicitFileType = wrapper.application; includeInIndex = 0; path = "Accelerometer Measurement.app"; sourceTree = BUILT_PRODUCTS_DIR; };
		B61697512D87C19500A36F45 /* Accelerometer MeasurementTests.xctest */ = {isa = PBXFileReference; explicitFileType = wrapper.cfbundle; includeInIndex = 0; path = "Accelerometer MeasurementTests.xctest"; sourceTree = BUILT_PRODUCTS_DIR; };
		B616975B2D87C19500A36F45 /* Accelerometer MeasurementUITests.xctest */ = {isa = PBXFileReference; explicitFileType = wrapper.cfbundle; includeInIndex = 0; path = "Accelerometer MeasurementUITests.xctest"; sourceTree = BUILT_PRODUCTS_DIR; };
/* End PBXFileReference section */

/* Begin PBXFileSystemSynchronizedRootGroup section */
		B61697432D87C19400A36F45 /* Accelerometer Measurement */ = {
			isa = PBXFileSystemSynchronizedRootGroup;
			path = "Accelerometer Measurement";
			sourceTree = "<group>";
		};
		B61697542D87C19500A36F45 /* Accelerometer MeasurementTests */ = {
			isa = PBXFileSystemSynchronizedRootGroup;
			path = "Accelerometer MeasurementTests";
			sourceTree = "<group>";
		};
		B616975E2D87C19500A36F45 /* Accelerometer MeasurementUITests */ = {
			isa = PBXFileSystemSynchronizedRootGroup;
			path = "Accelerometer MeasurementUITests";
			sourceTree = "<group>";
		};
/* End PBXFileSystemSynchronizedRootGroup section */

/* Begin PBXFrameworksBuildPhase section */
		B616973E2D87C19400A36F45 /* Frameworks */ = {
			isa = PBXFrameworksBuildPhase;
			buildActionMask = 2147483647;
			files = (
			);
			runOnlyForDeploymentPostprocessing = 0;
		};
		B616974E2D87C19500A36F45 /* Frameworks */ = {
			isa = PBXFrameworksBuildPhase;
			buildActionMask = 2147483647;
			files = (
			);
			runOnlyForDeploymentPostprocessing = 0;
		};
		B61697582D87C19500A36F45 /* Frameworks */ = {
			isa = PBXFrameworksBuildPhase;
			buildActionMask = 2147483647;
			files = (
			);
			runOnlyForDeploymentPostprocessing = 0;
		};
/* End PBXFrameworksBuildPhase section */

/* Begin PBXGroup section */
		B61697382D87C19400A36F45 = {
			isa = PBXGroup;
			children = (
				B61697432D87C19400A36F45 /* Accelerometer Measurement */,
				B61697542D87C19500A36F45 /* Accelerometer MeasurementTests */,
				B616975E2D87C19500A36F45 /* Accelerometer MeasurementUITests */,
				B61697422D87C19400A36F45 /* Products */,
			);
			sourceTree = "<group>";
		};
		B61697422D87C19400A36F45 /* Products */ = {
			isa = PBXGroup;
			children = (
				B61697412D87C19400A36F45 /* Accelerometer Measurement.app */,
				B61697512D87C19500A36F45 /* Accelerometer MeasurementTests.xctest */,
				B616975B2D87C19500A36F45 /* Accelerometer MeasurementUITests.xctest */,
			);
			name = Products;
			sourceTree = "<group>";
		};
/* End PBXGroup section */

/* Begin PBXNativeTarget section */
		B61697402D87C19400A36F45 /* Accelerometer Measurement */ = {
			isa = PBXNativeTarget;
			buildConfigurationList = B61697652D87C19500A36F45 /* Build configuration list for PBXNativeTarget "Accelerometer Measurement" */;
			buildPhases = (
				B616973D2D87C19400A36F45 /* Sources */,
				B616973E2D87C19400A36F45 /* Frameworks */,
				B616973F2D87C19400A36F45 /* Resources */,
			);
			buildRules = (
			);
			dependencies = (
			);
			fileSystemSynchronizedGroups = (
				B61697432D87C19400A36F45 /* Accelerometer Measurement */,
			);
			name = "Accelerometer Measurement";
			packageProductDependencies = (
			);
			productName = "Accelerometer Measurement";
			productReference = B61697412D87C19400A36F45 /* Accelerometer Measurement.app */;
			productType = "com.apple.product-type.application";
		};
		B61697502D87C19500A36F45 /* Accelerometer MeasurementTests */ = {
			isa = PBXNativeTarget;
			buildConfigurationList = B61697682D87C19500A36F45 /* Build configuration list for PBXNativeTarget "Accelerometer MeasurementTests" */;
			buildPhases = (
				B616974D2D87C19500A36F45 /* Sources */,
				B616974E2D87C19500A36F45 /* Frameworks */,
				B616974F2D87C19500A36F45 /* Resources */,
			);
			buildRules = (
			);
			dependencies = (
				B61697532D87C19500A36F45 /* PBXTargetDependency */,
			);
			fileSystemSynchronizedGroups = (
				B61697542D87C19500A36F45 /* Accelerometer MeasurementTests */,
			);
			name = "Accelerometer MeasurementTests";
			packageProductDependencies = (
			);
			productName = "Accelerometer MeasurementTests";
			productReference = B61697512D87C19500A36F45 /* Accelerometer MeasurementTests.xctest */;
			productType = "com.apple.product-type.bundle.unit-test";
		};
		B616975A2D87C19500A36F45 /* Accelerometer MeasurementUITests */ = {
			isa = PBXNativeTarget;
			buildConfigurationList = B616976B2D87C19500A36F45 /* Build configuration list for PBXNativeTarget "Accelerometer MeasurementUITests" */;
			buildPhases = (
				B61697572D87C19500A36F45 /* Sources */,
				B61697582D87C19500A36F45 /* Frameworks */,
				B61697592D87C19500A36F45 /* Resources */,
			);
			buildRules = (
			);
			dependencies = (
				B616975D2D87C19500A36F45 /* PBXTargetDependency */,
			);
			fileSystemSynchronizedGroups = (
				B616975E2D87C19500A36F45 /* Accelerometer MeasurementUITests */,
			);
			name = "Accelerometer MeasurementUITests";
			packageProductDependencies = (
			);
			productName = "Accelerometer MeasurementUITests";
			productReference = B616975B2D87C19500A36F45 /* Accelerometer MeasurementUITests.xctest */;
			productType = "com.apple.product-type.bundle.ui-testing";
		};
/* End PBXNativeTarget section */

/* Begin PBXProject section */
		B61697392D87C19400A36F45 /* Project object */ = {
			isa = PBXProject;
			attributes = {
				BuildIndependentTargetsInParallel = 1;
				LastSwiftUpdateCheck = 1620;
				LastUpgradeCheck = 1620;
				TargetAttributes = {
					B61697402D87C19400A36F45 = {
						CreatedOnToolsVersion = 16.2;
					};
					B61697502D87C19500A36F45 = {
						CreatedOnToolsVersion = 16.2;
						TestTargetID = B61697402D87C19400A36F45;
					};
					B616975A2D87C19500A36F45 = {
						CreatedOnToolsVersion = 16.2;
						TestTargetID = B61697402D87C19400A36F45;
					};
				};
			};
			buildConfigurationList = B616973C2D87C19400A36F45 /* Build configuration list for PBXProject "Accelerometer Measurement" */;
			developmentRegion = en;
			hasScannedForEncodings = 0;
			knownRegions = (
				en,
				Base,
			);
			mainGroup = B61697382D87C19400A36F45;
			minimizedProjectReferenceProxies = 1;
			preferredProjectObjectVersion = 77;
			productRefGroup = B61697422D87C19400A36F45 /* Products */;
			projectDirPath = "";
			projectRoot = "";
			targets = (
				B61697402D87C19400A36F45 /* Accelerometer Measurement */,
				B61697502D87C19500A36F45 /* Accelerometer MeasurementTests */,
				B616975A2D87C19500A36F45 /* Accelerometer MeasurementUITests */,
			);
		};
/* End PBXProject section */

/* Begin PBXResourcesBuildPhase section */
		B616973F2D87C19400A36F45 /* Resources */ = {
			isa = PBXResourcesBuildPhase;
			buildActionMask = 2147483647;
			files = (
			);
			runOnlyForDeploymentPostprocessing = 0;
		};
		B616974F2D87C19500A36F45 /* Resources */ = {
			isa = PBXResourcesBuildPhase;
			buildActionMask = 2147483647;
			files = (
			);
			runOnlyForDeploymentPostprocessing = 0;
		};
		B61697592D87C19500A36F45 /* Resources */ = {
			isa = PBXResourcesBuildPhase;
			buildActionMask = 2147483647;
			files = (
			);
			runOnlyForDeploymentPostprocessing = 0;
		};
/* End PBXResourcesBuildPhase section */

/* Begin PBXSourcesBuildPhase section */
		B616973D2D87C19400A36F45 /* Sources */ = {
			isa = PBXSourcesBuildPhase;
			buildActionMask = 2147483647;
			files = (
			);
			runOnlyForDeploymentPostprocessing = 0;
		};
		B616974D2D87C19500A36F45 /* Sources */ = {
			isa = PBXSourcesBuildPhase;
			buildActionMask = 2147483647;
			files = (
			);
			runOnlyForDeploymentPostprocessing = 0;
		};
		B61697572D87C19500A36F45 /* Sources */ = {
			isa = PBXSourcesBuildPhase;
			buildActionMask = 2147483647;
			files = (
			);
			runOnlyForDeploymentPostprocessing = 0;
		};
/* End PBXSourcesBuildPhase section */

/* Begin PBXTargetDependency section */
		B61697532D87C19500A36F45 /* PBXTargetDependency */ = {
			isa = PBXTargetDependency;
			target = B61697402D87C19400A36F45 /* Accelerometer Measurement */;
			targetProxy = B61697522D87C19500A36F45 /* PBXContainerItemProxy */;
		};
		B616975D2D87C19500A36F45 /* PBXTargetDependency */ = {
			isa = PBXTargetDependency;
			target = B61697402D87C19400A36F45 /* Accelerometer Measurement */;
			targetProxy = B616975C2D87C19500A36F45 /* PBXContainerItemProxy */;
		};
/* End PBXTargetDependency section */

/* Begin XCBuildConfiguration section */
		B61697632D87C19500A36F45 /* Debug */ = {
			isa = XCBuildConfiguration;
			buildSettings = {
				ALWAYS_SEARCH_USER_PATHS = NO;
				ASSETCATALOG_COMPILER_GENERATE_SWIFT_ASSET_SYMBOL_EXTENSIONS = YES;
				CLANG_ANALYZER_NONNULL = YES;
				CLANG_ANALYZER_NUMBER_OBJECT_CONVERSION = YES_AGGRESSIVE;
				CLANG_CXX_LANGUAGE_STANDARD = "gnu++20";
				CLANG_ENABLE_MODULES = YES;
				CLANG_ENABLE_OBJC_ARC = YES;
				CLANG_ENABLE_OBJC_WEAK = YES;
				CLANG_WARN_BLOCK_CAPTURE_AUTORELEASING = YES;
				CLANG_WARN_BOOL_CONVERSION = YES;
				CLANG_WARN_COMMA = YES;
				CLANG_WARN_CONSTANT_CONVERSION = YES;
				CLANG_WARN_DEPRECATED_OBJC_IMPLEMENTATIONS = YES;
				CLANG_WARN_DIRECT_OBJC_ISA_USAGE = YES_ERROR;
				CLANG_WARN_DOCUMENTATION_COMMENTS = YES;
				CLANG_WARN_EMPTY_BODY = YES;
				CLANG_WARN_ENUM_CONVERSION = YES;
				CLANG_WARN_INFINITE_RECURSION = YES;
				CLANG_WARN_INT_CONVERSION = YES;
				CLANG_WARN_NON_LITERAL_NULL_CONVERSION = YES;
				CLANG_WARN_OBJC_IMPLICIT_RETAIN_SELF = YES;
				CLANG_WARN_OBJC_LITERAL_CONVERSION = YES;
				CLANG_WARN_OBJC_ROOT_CLASS = YES_ERROR;
				CLANG_WARN_QUOTED_INCLUDE_IN_FRAMEWORK_HEADER = YES;
				CLANG_WARN_RANGE_LOOP_ANALYSIS = YES;
				CLANG_WARN_STRICT_PROTOTYPES = YES;
				CLANG_WARN_SUSPICIOUS_MOVE = YES;
				CLANG_WARN_UNGUARDED_AVAILABILITY = YES_AGGRESSIVE;
				CLANG_WARN_UNREACHABLE_CODE = YES;
				CLANG_WARN__DUPLICATE_METHOD_MATCH = YES;
				COPY_PHASE_STRIP = NO;
				DEBUG_INFORMATION_FORMAT = dwarf;
				ENABLE_STRICT_OBJC_MSGSEND = YES;
				ENABLE_TESTABILITY = YES;
				ENABLE_USER_SCRIPT_SANDBOXING = YES;
				GCC_C_LANGUAGE_STANDARD = gnu17;
				GCC_DYNAMIC_NO_PIC = NO;
				GCC_NO_COMMON_BLOCKS = YES;
				GCC_OPTIMIZATION_LEVEL = 0;
				GCC_PREPROCESSOR_DEFINITIONS = (
					"DEBUG=1",
					"$(inherited)",
				);
				GCC_WARN_64_TO_32_BIT_CONVERSION = YES;
				GCC_WARN_ABOUT_RETURN_TYPE = YES_ERROR;
				GCC_WARN_UNDECLARED_SELECTOR = YES;
				GCC_WARN_UNINITIALIZED_AUTOS = YES_AGGRESSIVE;
				GCC_WARN_UNUSED_FUNCTION = YES;
				GCC_WARN_UNUSED_VARIABLE = YES;
				IPHONEOS_DEPLOYMENT_TARGET = 18.2;
				LOCALIZATION_PREFERS_STRING_CATALOGS = YES;
				MTL_ENABLE_DEBUG_INFO = INCLUDE_SOURCE;
				MTL_FAST_MATH = YES;
				ONLY_ACTIVE_ARCH = YES;
				SDKROOT = iphoneos;
				SWIFT_ACTIVE_COMPILATION_CONDITIONS = "DEBUG $(inherited)";
				SWIFT_OPTIMIZATION_LEVEL = "-Onone";
			};
			name = Debug;
		};
		B61697642D87C19500A36F45 /* Release */ = {
			isa = XCBuildConfiguration;
			buildSettings = {
				ALWAYS_SEARCH_USER_PATHS = NO;
				ASSETCATALOG_COMPILER_GENERATE_SWIFT_ASSET_SYMBOL_EXTENSIONS = YES;
				CLANG_ANALYZER_NONNULL = YES;
				CLANG_ANALYZER_NUMBER_OBJECT_CONVERSION = YES_AGGRESSIVE;
				CLANG_CXX_LANGUAGE_STANDARD = "gnu++20";
				CLANG_ENABLE_MODULES = YES;
				CLANG_ENABLE_OBJC_ARC = YES;
				CLANG_ENABLE_OBJC_WEAK = YES;
				CLANG_WARN_BLOCK_CAPTURE_AUTORELEASING = YES;
				CLANG_WARN_BOOL_CONVERSION = YES;
				CLANG_WARN_COMMA = YES;
				CLANG_WARN_CONSTANT_CONVERSION = YES;
				CLANG_WARN_DEPRECATED_OBJC_IMPLEMENTATIONS = YES;
				CLANG_WARN_DIRECT_OBJC_ISA_USAGE = YES_ERROR;
				CLANG_WARN_DOCUMENTATION_COMMENTS = YES;
				CLANG_WARN_EMPTY_BODY = YES;
				CLANG_WARN_ENUM_CONVERSION = YES;
				CLANG_WARN_INFINITE_RECURSION = YES;
				CLANG_WARN_INT_CONVERSION = YES;
				CLANG_WARN_NON_LITERAL_NULL_CONVERSION = YES;
				CLANG_WARN_OBJC_IMPLICIT_RETAIN_SELF = YES;
				CLANG_WARN_OBJC_LITERAL_CONVERSION = YES;
				CLANG_WARN_OBJC_ROOT_CLASS = YES_ERROR;
				CLANG_WARN_QUOTED_INCLUDE_IN_FRAMEWORK_HEADER = YES;
				CLANG_WARN_RANGE_LOOP_ANALYSIS = YES;
				CLANG_WARN_STRICT_PROTOTYPES = YES;
				CLANG_WARN_SUSPICIOUS_MOVE = YES;
				CLANG_WARN_UNGUARDED_AVAILABILITY = YES_AGGRESSIVE;
				CLANG_WARN_UNREACHABLE_CODE = YES;
				CLANG_WARN__DUPLICATE_METHOD_MATCH = YES;
				COPY_PHASE_STRIP = NO;
				DEBUG_INFORMATION_FORMAT = "dwarf-with-dsym";
				ENABLE_NS_ASSERTIONS = NO;
				ENABLE_STRICT_OBJC_MSGSEND = YES;
				ENABLE_USER_SCRIPT_SANDBOXING = YES;
				GCC_C_LANGUAGE_STANDARD = gnu17;
				GCC_NO_COMMON_BLOCKS = YES;
				GCC_WARN_64_TO_32_BIT_CONVERSION = YES;
				GCC_WARN_ABOUT_RETURN_TYPE = YES_ERROR;
				GCC_WARN_UNDECLARED_SELECTOR = YES;
				GCC_WARN_UNINITIALIZED_AUTOS = YES_AGGRESSIVE;
				GCC_WARN_UNUSED_FUNCTION = YES;
				GCC_WARN_UNUSED_VARIABLE = YES;
				IPHONEOS_DEPLOYMENT_TARGET = 18.2;
				LOCALIZATION_PREFERS_STRING_CATALOGS = YES;
				MTL_ENABLE_DEBUG_INFO = NO;
				MTL_FAST_MATH = YES;
				SDKROOT = iphoneos;
				SWIFT_COMPILATION_MODE = wholemodule;
				VALIDATE_PRODUCT = YES;
			};
			name = Release;
		};
		B61697662D87C19500A36F45 /* Debug */ = {
			isa = XCBuildConfiguration;
			buildSettings = {
				ASSETCATALOG_COMPILER_APPICON_NAME = AppIcon;
				ASSETCATALOG_COMPILER_GLOBAL_ACCENT_COLOR_NAME = AccentColor;
				CODE_SIGN_STYLE = Automatic;
				CURRENT_PROJECT_VERSION = 1;
				DEVELOPMENT_ASSET_PATHS = "\"Accelerometer Measurement/Preview Content\"";
				DEVELOPMENT_TEAM = 7GHX7PCZF6;
				ENABLE_PREVIEWS = YES;
				GENERATE_INFOPLIST_FILE = YES;
				INFOPLIST_KEY_UIApplicationSceneManifest_Generation = YES;
				INFOPLIST_KEY_UIApplicationSupportsIndirectInputEvents = YES;
				INFOPLIST_KEY_UILaunchScreen_Generation = YES;
				INFOPLIST_KEY_UISupportedInterfaceOrientations_iPad = "UIInterfaceOrientationPortrait UIInterfaceOrientationPortraitUpsideDown UIInterfaceOrientationLandscapeLeft UIInterfaceOrientationLandscapeRight";
				INFOPLIST_KEY_UISupportedInterfaceOrientations_iPhone = "UIInterfaceOrientationPortrait UIInterfaceOrientationLandscapeLeft UIInterfaceOrientationLandscapeRight";
				LD_RUNPATH_SEARCH_PATHS = (
					"$(inherited)",
					"@executable_path/Frameworks",
				);
				MARKETING_VERSION = 1.0;
				PRODUCT_BUNDLE_IDENTIFIER = "Webhouse-International.Accelerometer-Measurement";
				PRODUCT_NAME = "$(TARGET_NAME)";
				SWIFT_EMIT_LOC_STRINGS = YES;
				SWIFT_VERSION = 5.0;
				TARGETED_DEVICE_FAMILY = "1,2";
			};
			name = Debug;
		};
		B61697672D87C19500A36F45 /* Release */ = {
			isa = XCBuildConfiguration;
			buildSettings = {
				ASSETCATALOG_COMPILER_APPICON_NAME = AppIcon;
				ASSETCATALOG_COMPILER_GLOBAL_ACCENT_COLOR_NAME = AccentColor;
				CODE_SIGN_STYLE = Automatic;
				CURRENT_PROJECT_VERSION = 1;
				DEVELOPMENT_ASSET_PATHS = "\"Accelerometer Measurement/Preview Content\"";
				DEVELOPMENT_TEAM = 7GHX7PCZF6;
				ENABLE_PREVIEWS = YES;
				GENERATE_INFOPLIST_FILE = YES;
				INFOPLIST_KEY_UIApplicationSceneManifest_Generation = YES;
				INFOPLIST_KEY_UIApplicationSupportsIndirectInputEvents = YES;
				INFOPLIST_KEY_UILaunchScreen_Generation = YES;
				INFOPLIST_KEY_UISupportedInterfaceOrientations_iPad = "UIInterfaceOrientationPortrait UIInterfaceOrientationPortraitUpsideDown UIInterfaceOrientationLandscapeLeft UIInterfaceOrientationLandscapeRight";
				INFOPLIST_KEY_UISupportedInterfaceOrientations_iPhone = "UIInterfaceOrientationPortrait UIInterfaceOrientationLandscapeLeft UIInterfaceOrientationLandscapeRight";
				LD_RUNPATH_SEARCH_PATHS = (
					"$(inherited)",
					"@executable_path/Frameworks",
				);
				MARKETING_VERSION = 1.0;
				PRODUCT_BUNDLE_IDENTIFIER = "Webhouse-International.Accelerometer-Measurement";
				PRODUCT_NAME = "$(TARGET_NAME)";
				SWIFT_EMIT_LOC_STRINGS = YES;
				SWIFT_VERSION = 5.0;
				TARGETED_DEVICE_FAMILY = "1,2";
			};
			name = Release;
		};
		B61697692D87C19500A36F45 /* Debug */ = {
			isa = XCBuildConfiguration;
			buildSettings = {
				BUNDLE_LOADER = "$(TEST_HOST)";
				CODE_SIGN_STYLE = Automatic;
				CURRENT_PROJECT_VERSION = 1;
				DEVELOPMENT_TEAM = 7GHX7PCZF6;
				GENERATE_INFOPLIST_FILE = YES;
				IPHONEOS_DEPLOYMENT_TARGET = 18.2;
				MARKETING_VERSION = 1.0;
				PRODUCT_BUNDLE_IDENTIFIER = "Webhouse-International.Accelerometer-MeasurementTests";
				PRODUCT_NAME = "$(TARGET_NAME)";
				SWIFT_EMIT_LOC_STRINGS = NO;
				SWIFT_VERSION = 5.0;
				TARGETED_DEVICE_FAMILY = "1,2";
				TEST_HOST = "$(BUILT_PRODUCTS_DIR)/Accelerometer Measurement.app/$(BUNDLE_EXECUTABLE_FOLDER_PATH)/Accelerometer Measurement";
			};
			name = Debug;
		};
		B616976A2D87C19500A36F45 /* Release */ = {
			isa = XCBuildConfiguration;
			buildSettings = {
				BUNDLE_LOADER = "$(TEST_HOST)";
				CODE_SIGN_STYLE = Automatic;
				CURRENT_PROJECT_VERSION = 1;
				DEVELOPMENT_TEAM = 7GHX7PCZF6;
				GENERATE_INFOPLIST_FILE = YES;
				IPHONEOS_DEPLOYMENT_TARGET = 18.2;
				MARKETING_VERSION = 1.0;
				PRODUCT_BUNDLE_IDENTIFIER = "Webhouse-International.Accelerometer-MeasurementTests";
				PRODUCT_NAME = "$(TARGET_NAME)";
				SWIFT_EMIT_LOC_STRINGS = NO;
				SWIFT_VERSION = 5.0;
				TARGETED_DEVICE_FAMILY = "1,2";
				TEST_HOST = "$(BUILT_PRODUCTS_DIR)/Accelerometer Measurement.app/$(BUNDLE_EXECUTABLE_FOLDER_PATH)/Accelerometer Measurement";
			};
			name = Release;
		};
		B616976C2D87C19500A36F45 /* Debug */ = {
			isa = XCBuildConfiguration;
			buildSettings = {
				CODE_SIGN_STYLE = Automatic;
				CURRENT_PROJECT_VERSION = 1;
				DEVELOPMENT_TEAM = 7GHX7PCZF6;
				GENERATE_INFOPLIST_FILE = YES;
				MARKETING_VERSION = 1.0;
				PRODUCT_BUNDLE_IDENTIFIER = "Webhouse-International.Accelerometer-MeasurementUITests";
				PRODUCT_NAME = "$(TARGET_NAME)";
				SWIFT_EMIT_LOC_STRINGS = NO;
				SWIFT_VERSION = 5.0;
				TARGETED_DEVICE_FAMILY = "1,2";
				TEST_TARGET_NAME = "Accelerometer Measurement";
			};
			name = Debug;
		};
		B616976D2D87C19500A36F45 /* Release */ = {
			isa = XCBuildConfiguration;
			buildSettings = {
				CODE_SIGN_STYLE = Automatic;
				CURRENT_PROJECT_VERSION = 1;
				DEVELOPMENT_TEAM = 7GHX7PCZF6;
				GENERATE_INFOPLIST_FILE = YES;
				MARKETING_VERSION = 1.0;
				PRODUCT_BUNDLE_IDENTIFIER = "Webhouse-International.Accelerometer-MeasurementUITests";
				PRODUCT_NAME = "$(TARGET_NAME)";
				SWIFT_EMIT_LOC_STRINGS = NO;
				SWIFT_VERSION = 5.0;
				TARGETED_DEVICE_FAMILY = "1,2";
				TEST_TARGET_NAME = "Accelerometer Measurement";
			};
			name = Release;
		};
/* End XCBuildConfiguration section */

/* Begin XCConfigurationList section */
		B616973C2D87C19400A36F45 /* Build configuration list for PBXProject "Accelerometer Measurement" */ = {
			isa = XCConfigurationList;
			buildConfigurations = (
				B61697632D87C19500A36F45 /* Debug */,
				B61697642D87C19500A36F45 /* Release */,
			);
			defaultConfigurationIsVisible = 0;
			defaultConfigurationName = Release;
		};
		B61697652D87C19500A36F45 /* Build configuration list for PBXNativeTarget "Accelerometer Measurement" */ = {
			isa = XCConfigurationList;
			buildConfigurations = (
				B61697662D87C19500A36F45 /* Debug */,
				B61697672D87C19500A36F45 /* Release */,
			);
			defaultConfigurationIsVisible = 0;
			defaultConfigurationName = Release;
		};
		B61697682D87C19500A36F45 /* Build configuration list for PBXNativeTarget "Accelerometer MeasurementTests" */ = {
			isa = XCConfigurationList;
			buildConfigurations = (
				B61697692D87C19500A36F45 /* Debug */,
				B616976A2D87C19500A36F45 /* Release */,
			);
			defaultConfigurationIsVisible = 0;
			defaultConfigurationName = Release;
		};
		B616976B2D87C19500A36F45 /* Build configuration list for PBXNativeTarget "Accelerometer MeasurementUITests" */ = {
			isa = XCConfigurationList;
			buildConfigurations = (
				B616976C2D87C19500A36F45 /* Debug */,
				B616976D2D87C19500A36F45 /* Release */,
			);
			defaultConfigurationIsVisible = 0;
			defaultConfigurationName = Release;
		};
/* End XCConfigurationList section */
	};
	rootObject = B61697392D87C19400A36F45 /* Project object */;
}
